
Microsoft Visual Studio Solution File, Format Version 12.00
# Visual Studio Version 16
VisualStudioVersion = 16.0.29215.179
MinimumVisualStudioVersion = 10.0.40219.1
Project("{FAE04EC0-301F-11D3-BF4B-00C04F79EFBC}") = "SimCharacterCreator", "SimCharacterCreator\SimCharacterCreator.csproj", "{FA3D935E-1E68-445B-9E98-EA1E146A9B39}"
EndProject
Global
	GlobalSection(SolutionConfigurationPlatforms) = preSolution
		Debug|Any CPU = Debug|Any CPU
		Release|Any CPU = Release|Any CPU
	EndGlobalSection
	GlobalSection(ProjectConfigurationPlatforms) = postSolution
		{FA3D935E-1E68-445B-9E98-EA1E146A9B39}.Debug|Any CPU.ActiveCfg = Debug|Any CPU
		{FA3D935E-1E68-445B-9E98-EA1E146A9B39}.Debug|Any CPU.Build.0 = Debug|Any CPU
		{FA3D935E-1E68-445B-9E98-EA1E146A9B39}.Release|Any CPU.ActiveCfg = Release|Any CPU
		{FA3D935E-1E68-445B-9E98-EA1E146A9B39}.Release|Any CPU.Build.0 = Release|Any CPU
	EndGlobalSection
	GlobalSection(SolutionProperties) = preSolution
		HideSolutionNode = FALSE
	EndGlobalSection
	GlobalSection(ExtensibilityGlobals) = postSolution
		SolutionGuid = {6187FA5F-1BB1-49FB-B230-7E762896A220}
	EndGlobalSection
EndGlobal
